
Microsoft Visual Studio Solution File, Format Version 12.00
# Visual Studio Version 16
VisualStudioVersion = 16.0.30128.74
MinimumVisualStudioVersion = 10.0.40219.1
Project("{FAE04EC0-301F-11D3-BF4B-00C04F79EFBC}") = "ModelBuilder", "ModelBuilder\ModelBuilder.csproj", "{374C4CB6-978F-4459-AD4F-98BC79E70AC0}"
EndProject
Global
	GlobalSection(SolutionConfigurationPlatforms) = preSolution
		Debug|Any CPU = Debug|Any CPU
		Release|Any CPU = Release|Any CPU
	EndGlobalSection
	GlobalSection(ProjectConfigurationPlatforms) = postSolution
		{374C4CB6-978F-4459-AD4F-98BC79E70AC0}.Debug|Any CPU.ActiveCfg = Debug|Any CPU
		{374C4CB6-978F-4459-AD4F-98BC79E70AC0}.Debug|Any CPU.Build.0 = Debug|Any CPU
		{374C4CB6-978F-4459-AD4F-98BC79E70AC0}.Release|Any CPU.ActiveCfg = Release|Any CPU
		{374C4CB6-978F-4459-AD4F-98BC79E70AC0}.Release|Any CPU.Build.0 = Release|Any CPU
	EndGlobalSection
	GlobalSection(SolutionProperties) = preSolution
		HideSolutionNode = FALSE
	EndGlobalSection
	GlobalSection(ExtensibilityGlobals) = postSolution
		SolutionGuid = {A73645C6-2E9F-4075-85F8-C0D3D8E2FFAC}
	EndGlobalSection
EndGlobal
