
Microsoft Visual Studio Solution File, Format Version 12.00
# Visual Studio Version 16
VisualStudioVersion = 16.0.30128.74
MinimumVisualStudioVersion = 10.0.40219.1
Project("{9A19103F-16F7-4668-BE54-9A1E7A4F7556}") = "BlazorClient", "BlazorClient\BlazorClient.csproj", "{2040B0BB-2215-4EA1-A68B-3EA028BB5B75}"
EndProject
Project("{9A19103F-16F7-4668-BE54-9A1E7A4F7556}") = "ModelBuilder", "..\ModelBuilder\ModelBuilder\ModelBuilder.csproj", "{B7B68D17-B3C7-4B38-A43E-5F87D59DE005}"
EndProject
Global
	GlobalSection(SolutionConfigurationPlatforms) = preSolution
		Debug|Any CPU = Debug|Any CPU
		Release|Any CPU = Release|Any CPU
	EndGlobalSection
	GlobalSection(ProjectConfigurationPlatforms) = postSolution
		{2040B0BB-2215-4EA1-A68B-3EA028BB5B75}.Debug|Any CPU.ActiveCfg = Debug|Any CPU
		{2040B0BB-2215-4EA1-A68B-3EA028BB5B75}.Debug|Any CPU.Build.0 = Debug|Any CPU
		{2040B0BB-2215-4EA1-A68B-3EA028BB5B75}.Release|Any CPU.ActiveCfg = Release|Any CPU
		{2040B0BB-2215-4EA1-A68B-3EA028BB5B75}.Release|Any CPU.Build.0 = Release|Any CPU
		{B7B68D17-B3C7-4B38-A43E-5F87D59DE005}.Debug|Any CPU.ActiveCfg = Debug|Any CPU
		{B7B68D17-B3C7-4B38-A43E-5F87D59DE005}.Debug|Any CPU.Build.0 = Debug|Any CPU
		{B7B68D17-B3C7-4B38-A43E-5F87D59DE005}.Release|Any CPU.ActiveCfg = Release|Any CPU
		{B7B68D17-B3C7-4B38-A43E-5F87D59DE005}.Release|Any CPU.Build.0 = Release|Any CPU
	EndGlobalSection
	GlobalSection(SolutionProperties) = preSolution
		HideSolutionNode = FALSE
	EndGlobalSection
	GlobalSection(ExtensibilityGlobals) = postSolution
		SolutionGuid = {E6684A6E-DE79-47E1-9F84-DF43E744F855}
	EndGlobalSection
EndGlobal
